
Microsoft Visual Studio Solution File, Format Version 12.00
# Visual Studio Version 17
VisualStudioVersion = 17.14.36603.0
MinimumVisualStudioVersion = 10.0.40219.1
Project("{FAE04EC0-301F-11D3-BF4B-00C04F79EFBC}") = "Ereoz.MVVM", "Ereoz.MVVM\Ereoz.MVVM.csproj", "{C987AD54-04D8-4672-B82A-A7C023D7994A}"
EndProject
Global
	GlobalSection(SolutionConfigurationPlatforms) = preSolution
		Debug|Any CPU = Debug|Any CPU
		Release|Any CPU = Release|Any CPU
	EndGlobalSection
	GlobalSection(ProjectConfigurationPlatforms) = postSolution
		{C987AD54-04D8-4672-B82A-A7C023D7994A}.Debug|Any CPU.ActiveCfg = Debug|Any CPU
		{C987AD54-04D8-4672-B82A-A7C023D7994A}.Debug|Any CPU.Build.0 = Debug|Any CPU
		{C987AD54-04D8-4672-B82A-A7C023D7994A}.Release|Any CPU.ActiveCfg = Release|Any CPU
		{C987AD54-04D8-4672-B82A-A7C023D7994A}.Release|Any CPU.Build.0 = Release|Any CPU
	EndGlobalSection
	GlobalSection(SolutionProperties) = preSolution
		HideSolutionNode = FALSE
	EndGlobalSection
	GlobalSection(ExtensibilityGlobals) = postSolution
		SolutionGuid = {9F6D7306-BB99-4533-ABA1-FAFDB12CB33F}
	EndGlobalSection
EndGlobal
